// !$*UTF8*$!
{
	archiveVersion = 1;
	classes = {
	};
	objectVersion = 48;
	objects = {

/* Begin PBXBuildFile section */
		B2A112101F677C5E00E62791 /* AppDelegate.swift in Sources */ = {isa = PBXBuildFile; fileRef = B2A1120F1F677C5E00E62791 /* AppDelegate.swift */; };
		B2A112121F677C5E00E62791 /* ViewController.swift in Sources */ = {isa = PBXBuildFile; fileRef = B2A112111F677C5E00E62791 /* ViewController.swift */; };
		B2A112151F677C5E00E62791 /* Main.storyboard in Resources */ = {isa = PBXBuildFile; fileRef = B2A112131F677C5E00E62791 /* Main.storyboard */; };
		B2A112171F677C5E00E62791 /* Assets.xcassets in Resources */ = {isa = PBXBuildFile; fileRef = B2A112161F677C5E00E62791 /* Assets.xcassets */; };
		B2A1121A1F677C5E00E62791 /* LaunchScreen.storyboard in Resources */ = {isa = PBXBuildFile; fileRef = B2A112181F677C5E00E62791 /* LaunchScreen.storyboard */; };
		B2A112221F677CAE00E62791 /* DeciduousTeethController.swift in Sources */ = {isa = PBXBuildFile; fileRef = B2A112211F677CAE00E62791 /* DeciduousTeethController.swift */; };
		B2A112261F677E5A00E62791 /* CKSliderSwitchView.swift in Sources */ = {isa = PBXBuildFile; fileRef = B2A112251F677E5A00E62791 /* CKSliderSwitchView.swift */; };
		B2A112281F67804800E62791 /* PATeethView.swift in Sources */ = {isa = PBXBuildFile; fileRef = B2A112271F67804800E62791 /* PATeethView.swift */; };
		B2A1122A1F67865B00E62791 /* PALineSegmentedView.swift in Sources */ = {isa = PBXBuildFile; fileRef = B2A112291F67865B00E62791 /* PALineSegmentedView.swift */; };
/* End PBXBuildFile section */

/* Begin PBXFileReference section */
		B2A1120C1F677C5E00E62791 /* TeethGraph.app */ = {isa = PBXFileReference; explicitFileType = wrapper.application; includeInIndex = 0; path = TeethGraph.app; sourceTree = BUILT_PRODUCTS_DIR; };
		B2A1120F1F677C5E00E62791 /* AppDelegate.swift */ = {isa = PBXFileReference; lastKnownFileType = sourcecode.swift; path = AppDelegate.swift; sourceTree = "<group>"; };
		B2A112111F677C5E00E62791 /* ViewController.swift */ = {isa = PBXFileReference; lastKnownFileType = sourcecode.swift; path = ViewController.swift; sourceTree = "<group>"; };
		B2A112141F677C5E00E62791 /* Base */ = {isa = PBXFileReference; lastKnownFileType = file.storyboard; name = Base; path = Base.lproj/Main.storyboard; sourceTree = "<group>"; };
		B2A112161F677C5E00E62791 /* Assets.xcassets */ = {isa = PBXFileReference; lastKnownFileType = folder.assetcatalog; path = Assets.xcassets; sourceTree = "<group>"; };
		B2A112191F677C5E00E62791 /* Base */ = {isa = PBXFileReference; lastKnownFileType = file.storyboard; name = Base; path = Base.lproj/LaunchScreen.storyboard; sourceTree = "<group>"; };
		B2A1121B1F677C5E00E62791 /* Info.plist */ = {isa = PBXFileReference; lastKnownFileType = text.plist.xml; path = Info.plist; sourceTree = "<group>"; };
		B2A112211F677CAE00E62791 /* DeciduousTeethController.swift */ = {isa = PBXFileReference; lastKnownFileType = sourcecode.swift; path = DeciduousTeethController.swift; sourceTree = "<group>"; };
		B2A112251F677E5A00E62791 /* CKSliderSwitchView.swift */ = {isa = PBXFileReference; lastKnownFileType = sourcecode.swift; path = CKSliderSwitchView.swift; sourceTree = "<group>"; };
		B2A112271F67804800E62791 /* PATeethView.swift */ = {isa = PBXFileReference; lastKnownFileType = sourcecode.swift; path = PATeethView.swift; sourceTree = "<group>"; };
		B2A112291F67865B00E62791 /* PALineSegmentedView.swift */ = {isa = PBXFileReference; lastKnownFileType = sourcecode.swift; path = PALineSegmentedView.swift; sourceTree = "<group>"; };
/* End PBXFileReference section */

/* Begin PBXFrameworksBuildPhase section */
		B2A112091F677C5E00E62791 /* Frameworks */ = {
			isa = PBXFrameworksBuildPhase;
			buildActionMask = 2147483647;
			files = (
			);
			runOnlyForDeploymentPostprocessing = 0;
		};
/* End PBXFrameworksBuildPhase section */

/* Begin PBXGroup section */
		B2A112031F677C5E00E62791 = {
			isa = PBXGroup;
			children = (
				B2A1120E1F677C5E00E62791 /* TeethGraph */,
				B2A1120D1F677C5E00E62791 /* Products */,
			);
			sourceTree = "<group>";
		};
		B2A1120D1F677C5E00E62791 /* Products */ = {
			isa = PBXGroup;
			children = (
				B2A1120C1F677C5E00E62791 /* TeethGraph.app */,
			);
			name = Products;
			sourceTree = "<group>";
		};
		B2A1120E1F677C5E00E62791 /* TeethGraph */ = {
			isa = PBXGroup;
			children = (
				B2A1120F1F677C5E00E62791 /* AppDelegate.swift */,
				B2A112111F677C5E00E62791 /* ViewController.swift */,
				B2A112211F677CAE00E62791 /* DeciduousTeethController.swift */,
				B2A112251F677E5A00E62791 /* CKSliderSwitchView.swift */,
				B2A112271F67804800E62791 /* PATeethView.swift */,
				B2A112291F67865B00E62791 /* PALineSegmentedView.swift */,
				B2A112131F677C5E00E62791 /* Main.storyboard */,
				B2A112161F677C5E00E62791 /* Assets.xcassets */,
				B2A112181F677C5E00E62791 /* LaunchScreen.storyboard */,
				B2A1121B1F677C5E00E62791 /* Info.plist */,
			);
			path = TeethGraph;
			sourceTree = "<group>";
		};
/* End PBXGroup section */

/* Begin PBXNativeTarget section */
		B2A1120B1F677C5E00E62791 /* TeethGraph */ = {
			isa = PBXNativeTarget;
			buildConfigurationList = B2A1121E1F677C5E00E62791 /* Build configuration list for PBXNativeTarget "TeethGraph" */;
			buildPhases = (
				B2A112081F677C5E00E62791 /* Sources */,
				B2A112091F677C5E00E62791 /* Frameworks */,
				B2A1120A1F677C5E00E62791 /* Resources */,
			);
			buildRules = (
			);
			dependencies = (
			);
			name = TeethGraph;
			productName = TeethGraph;
			productReference = B2A1120C1F677C5E00E62791 /* TeethGraph.app */;
			productType = "com.apple.product-type.application";
		};
/* End PBXNativeTarget section */

/* Begin PBXProject section */
		B2A112041F677C5E00E62791 /* Project object */ = {
			isa = PBXProject;
			attributes = {
				LastSwiftUpdateCheck = 0900;
				LastUpgradeCheck = 0900;
				ORGANIZATIONNAME = RickLuo;
				TargetAttributes = {
					B2A1120B1F677C5E00E62791 = {
						CreatedOnToolsVersion = 9.0;
						ProvisioningStyle = Automatic;
					};
				};
			};
			buildConfigurationList = B2A112071F677C5E00E62791 /* Build configuration list for PBXProject "TeethGraph" */;
			compatibilityVersion = "Xcode 8.0";
			developmentRegion = en;
			hasScannedForEncodings = 0;
			knownRegions = (
				en,
				Base,
			);
			mainGroup = B2A112031F677C5E00E62791;
			productRefGroup = B2A1120D1F677C5E00E62791 /* Products */;
			projectDirPath = "";
			projectRoot = "";
			targets = (
				B2A1120B1F677C5E00E62791 /* TeethGraph */,
			);
		};
/* End PBXProject section */

/* Begin PBXResourcesBuildPhase section */
		B2A1120A1F677C5E00E62791 /* Resources */ = {
			isa = PBXResourcesBuildPhase;
			buildActionMask = 2147483647;
			files = (
				B2A1121A1F677C5E00E62791 /* LaunchScreen.storyboard in Resources */,
				B2A112171F677C5E00E62791 /* Assets.xcassets in Resources */,
				B2A112151F677C5E00E62791 /* Main.storyboard in Resources */,
			);
			runOnlyForDeploymentPostprocessing = 0;
		};
/* End PBXResourcesBuildPhase section */

/* Begin PBXSourcesBuildPhase section */
		B2A112081F677C5E00E62791 /* Sources */ = {
			isa = PBXSourcesBuildPhase;
			buildActionMask = 2147483647;
			files = (
				B2A112281F67804800E62791 /* PATeethView.swift in Sources */,
				B2A112121F677C5E00E62791 /* ViewController.swift in Sources */,
				B2A1122A1F67865B00E62791 /* PALineSegmentedView.swift in Sources */,
				B2A112261F677E5A00E62791 /* CKSliderSwitchView.swift in Sources */,
				B2A112101F677C5E00E62791 /* AppDelegate.swift in Sources */,
				B2A112221F677CAE00E62791 /* DeciduousTeethController.swift in Sources */,
			);
			runOnlyForDeploymentPostprocessing = 0;
		};
/* End PBXSourcesBuildPhase section */

/* Begin PBXVariantGroup section */
		B2A112131F677C5E00E62791 /* Main.storyboard */ = {
			isa = PBXVariantGroup;
			children = (
				B2A112141F677C5E00E62791 /* Base */,
			);
			name = Main.storyboard;
			sourceTree = "<group>";
		};
		B2A112181F677C5E00E62791 /* LaunchScreen.storyboard */ = {
			isa = PBXVariantGroup;
			children = (
				B2A112191F677C5E00E62791 /* Base */,
			);
			name = LaunchScreen.storyboard;
			sourceTree = "<group>";
		};
/* End PBXVariantGroup section */

/* Begin XCBuildConfiguration section */
		B2A1121C1F677C5E00E62791 /* Debug */ = {
			isa = XCBuildConfiguration;
			buildSettings = {
				ALWAYS_SEARCH_USER_PATHS = NO;
				CLANG_ANALYZER_NONNULL = YES;
				CLANG_ANALYZER_NUMBER_OBJECT_CONVERSION = YES_AGGRESSIVE;
				CLANG_CXX_LANGUAGE_STANDARD = "gnu++14";
				CLANG_CXX_LIBRARY = "libc++";
				CLANG_ENABLE_MODULES = YES;
				CLANG_ENABLE_OBJC_ARC = YES;
				CLANG_WARN_BLOCK_CAPTURE_AUTORELEASING = YES;
				CLANG_WARN_BOOL_CONVERSION = YES;
				CLANG_WARN_COMMA = YES;
				CLANG_WARN_CONSTANT_CONVERSION = YES;
				CLANG_WARN_DIRECT_OBJC_ISA_USAGE = YES_ERROR;
				CLANG_WARN_DOCUMENTATION_COMMENTS = YES;
				CLANG_WARN_EMPTY_BODY = YES;
				CLANG_WARN_ENUM_CONVERSION = YES;
				CLANG_WARN_INFINITE_RECURSION = YES;
				CLANG_WARN_INT_CONVERSION = YES;
				CLANG_WARN_NON_LITERAL_NULL_CONVERSION = YES;
				CLANG_WARN_OBJC_LITERAL_CONVERSION = YES;
				CLANG_WARN_OBJC_ROOT_CLASS = YES_ERROR;
				CLANG_WARN_RANGE_LOOP_ANALYSIS = YES;
				CLANG_WARN_STRICT_PROTOTYPES = YES;
				CLANG_WARN_SUSPICIOUS_MOVE = YES;
				CLANG_WARN_UNGUARDED_AVAILABILITY = YES_AGGRESSIVE;
				CLANG_WARN_UNREACHABLE_CODE = YES;
				CLANG_WARN__DUPLICATE_METHOD_MATCH = YES;
				CODE_SIGN_IDENTITY = "iPhone Developer";
				COPY_PHASE_STRIP = NO;
				DEBUG_INFORMATION_FORMAT = dwarf;
				ENABLE_STRICT_OBJC_MSGSEND = YES;
				ENABLE_TESTABILITY = YES;
				GCC_C_LANGUAGE_STANDARD = gnu11;
				GCC_DYNAMIC_NO_PIC = NO;
				GCC_NO_COMMON_BLOCKS = YES;
				GCC_OPTIMIZATION_LEVEL = 0;
				GCC_PREPROCESSOR_DEFINITIONS = (
					"DEBUG=1",
					"$(inherited)",
				);
				GCC_WARN_64_TO_32_BIT_CONVERSION = YES;
				GCC_WARN_ABOUT_RETURN_TYPE = YES_ERROR;
				GCC_WARN_UNDECLARED_SELECTOR = YES;
				GCC_WARN_UNINITIALIZED_AUTOS = YES_AGGRESSIVE;
				GCC_WARN_UNUSED_FUNCTION = YES;
				GCC_WARN_UNUSED_VARIABLE = YES;
				IPHONEOS_DEPLOYMENT_TARGET = 11.0;
				MTL_ENABLE_DEBUG_INFO = YES;
				ONLY_ACTIVE_ARCH = YES;
				SDKROOT = iphoneos;
				SWIFT_ACTIVE_COMPILATION_CONDITIONS = DEBUG;
				SWIFT_OPTIMIZATION_LEVEL = "-Onone";
			};
			name = Debug;
		};
		B2A1121D1F677C5E00E62791 /* Release */ = {
			isa = XCBuildConfiguration;
			buildSettings = {
				ALWAYS_SEARCH_USER_PATHS = NO;
				CLANG_ANALYZER_NONNULL = YES;
				CLANG_ANALYZER_NUMBER_OBJECT_CONVERSION = YES_AGGRESSIVE;
				CLANG_CXX_LANGUAGE_STANDARD = "gnu++14";
				CLANG_CXX_LIBRARY = "libc++";
				CLANG_ENABLE_MODULES = YES;
				CLANG_ENABLE_OBJC_ARC = YES;
				CLANG_WARN_BLOCK_CAPTURE_AUTORELEASING = YES;
				CLANG_WARN_BOOL_CONVERSION = YES;
				CLANG_WARN_COMMA = YES;
				CLANG_WARN_CONSTANT_CONVERSION = YES;
				CLANG_WARN_DIRECT_OBJC_ISA_USAGE = YES_ERROR;
				CLANG_WARN_DOCUMENTATION_COMMENTS = YES;
				CLANG_WARN_EMPTY_BODY = YES;
				CLANG_WARN_ENUM_CONVERSION = YES;
				CLANG_WARN_INFINITE_RECURSION = YES;
				CLANG_WARN_INT_CONVERSION = YES;
				CLANG_WARN_NON_LITERAL_NULL_CONVERSION = YES;
				CLANG_WARN_OBJC_LITERAL_CONVERSION = YES;
				CLANG_WARN_OBJC_ROOT_CLASS = YES_ERROR;
				CLANG_WARN_RANGE_LOOP_ANALYSIS = YES;
				CLANG_WARN_STRICT_PROTOTYPES = YES;
				CLANG_WARN_SUSPICIOUS_MOVE = YES;
				CLANG_WARN_UNGUARDED_AVAILABILITY = YES_AGGRESSIVE;
				CLANG_WARN_UNREACHABLE_CODE = YES;
				CLANG_WARN__DUPLICATE_METHOD_MATCH = YES;
				CODE_SIGN_IDENTITY = "iPhone Developer";
				COPY_PHASE_STRIP = NO;
				DEBUG_INFORMATION_FORMAT = "dwarf-with-dsym";
				ENABLE_NS_ASSERTIONS = NO;
				ENABLE_STRICT_OBJC_MSGSEND = YES;
				GCC_C_LANGUAGE_STANDARD = gnu11;
				GCC_NO_COMMON_BLOCKS = YES;
				GCC_WARN_64_TO_32_BIT_CONVERSION = YES;
				GCC_WARN_ABOUT_RETURN_TYPE = YES_ERROR;
				GCC_WARN_UNDECLARED_SELECTOR = YES;
				GCC_WARN_UNINITIALIZED_AUTOS = YES_AGGRESSIVE;
				GCC_WARN_UNUSED_FUNCTION = YES;
				GCC_WARN_UNUSED_VARIABLE = YES;
				IPHONEOS_DEPLOYMENT_TARGET = 11.0;
				MTL_ENABLE_DEBUG_INFO = NO;
				SDKROOT = iphoneos;
				SWIFT_OPTIMIZATION_LEVEL = "-Owholemodule";
				VALIDATE_PRODUCT = YES;
			};
			name = Release;
		};
		B2A1121F1F677C5E00E62791 /* Debug */ = {
			isa = XCBuildConfiguration;
			buildSettings = {
				ASSETCATALOG_COMPILER_APPICON_NAME = AppIcon;
				CODE_SIGN_STYLE = Automatic;
				DEVELOPMENT_TEAM = 7G9Q3YE88T;
				INFOPLIST_FILE = TeethGraph/Info.plist;
				IPHONEOS_DEPLOYMENT_TARGET = 10.3;
				LD_RUNPATH_SEARCH_PATHS = "$(inherited) @executable_path/Frameworks";
				PRODUCT_BUNDLE_IDENTIFIER = com.rickluo.TeethGraph;
				PRODUCT_NAME = "$(TARGET_NAME)";
				SWIFT_VERSION = 4.0;
				TARGETED_DEVICE_FAMILY = "1,2";
			};
			name = Debug;
		};
		B2A112201F677C5E00E62791 /* Release */ = {
			isa = XCBuildConfiguration;
			buildSettings = {
				ASSETCATALOG_COMPILER_APPICON_NAME = AppIcon;
				CODE_SIGN_STYLE = Automatic;
				DEVELOPMENT_TEAM = 7G9Q3YE88T;
				INFOPLIST_FILE = TeethGraph/Info.plist;
				IPHONEOS_DEPLOYMENT_TARGET = 10.3;
				LD_RUNPATH_SEARCH_PATHS = "$(inherited) @executable_path/Frameworks";
				PRODUCT_BUNDLE_IDENTIFIER = com.rickluo.TeethGraph;
				PRODUCT_NAME = "$(TARGET_NAME)";
				SWIFT_VERSION = 4.0;
				TARGETED_DEVICE_FAMILY = "1,2";
			};
			name = Release;
		};
/* End XCBuildConfiguration section */

/* Begin XCConfigurationList section */
		B2A112071F677C5E00E62791 /* Build configuration list for PBXProject "TeethGraph" */ = {
			isa = XCConfigurationList;
			buildConfigurations = (
				B2A1121C1F677C5E00E62791 /* Debug */,
				B2A1121D1F677C5E00E62791 /* Release */,
			);
			defaultConfigurationIsVisible = 0;
			defaultConfigurationName = Release;
		};
		B2A1121E1F677C5E00E62791 /* Build configuration list for PBXNativeTarget "TeethGraph" */ = {
			isa = XCConfigurationList;
			buildConfigurations = (
				B2A1121F1F677C5E00E62791 /* Debug */,
				B2A112201F677C5E00E62791 /* Release */,
			);
			defaultConfigurationIsVisible = 0;
			defaultConfigurationName = Release;
		};
/* End XCConfigurationList section */
	};
	rootObject = B2A112041F677C5E00E62791 /* Project object */;
}
