// !$*UTF8*$!
{
	archiveVersion = 1;
	classes = {
	};
	objectVersion = 48;
	objects = {

/* Begin PBXBuildFile section */
		B21345781F8CA11D00E0EBD2 /* AppDelegate.swift in Sources */ = {isa = PBXBuildFile; fileRef = B21345771F8CA11D00E0EBD2 /* AppDelegate.swift */; };
		B213457A1F8CA11D00E0EBD2 /* ViewController.swift in Sources */ = {isa = PBXBuildFile; fileRef = B21345791F8CA11D00E0EBD2 /* ViewController.swift */; };
		B213457D1F8CA11D00E0EBD2 /* Main.storyboard in Resources */ = {isa = PBXBuildFile; fileRef = B213457B1F8CA11D00E0EBD2 /* Main.storyboard */; };
		B213457F1F8CA11D00E0EBD2 /* Assets.xcassets in Resources */ = {isa = PBXBuildFile; fileRef = B213457E1F8CA11D00E0EBD2 /* Assets.xcassets */; };
		B21345821F8CA11D00E0EBD2 /* LaunchScreen.storyboard in Resources */ = {isa = PBXBuildFile; fileRef = B21345801F8CA11D00E0EBD2 /* LaunchScreen.storyboard */; };
		B213458A1F8CAEF800E0EBD2 /* ViewController2.swift in Sources */ = {isa = PBXBuildFile; fileRef = B21345891F8CAEF800E0EBD2 /* ViewController2.swift */; };
/* End PBXBuildFile section */

/* Begin PBXFileReference section */
		B21345741F8CA11C00E0EBD2 /* TestSafeArea.app */ = {isa = PBXFileReference; explicitFileType = wrapper.application; includeInIndex = 0; path = TestSafeArea.app; sourceTree = BUILT_PRODUCTS_DIR; };
		B21345771F8CA11D00E0EBD2 /* AppDelegate.swift */ = {isa = PBXFileReference; lastKnownFileType = sourcecode.swift; path = AppDelegate.swift; sourceTree = "<group>"; };
		B21345791F8CA11D00E0EBD2 /* ViewController.swift */ = {isa = PBXFileReference; lastKnownFileType = sourcecode.swift; path = ViewController.swift; sourceTree = "<group>"; };
		B213457C1F8CA11D00E0EBD2 /* Base */ = {isa = PBXFileReference; lastKnownFileType = file.storyboard; name = Base; path = Base.lproj/Main.storyboard; sourceTree = "<group>"; };
		B213457E1F8CA11D00E0EBD2 /* Assets.xcassets */ = {isa = PBXFileReference; lastKnownFileType = folder.assetcatalog; path = Assets.xcassets; sourceTree = "<group>"; };
		B21345811F8CA11D00E0EBD2 /* Base */ = {isa = PBXFileReference; lastKnownFileType = file.storyboard; name = Base; path = Base.lproj/LaunchScreen.storyboard; sourceTree = "<group>"; };
		B21345831F8CA11D00E0EBD2 /* Info.plist */ = {isa = PBXFileReference; lastKnownFileType = text.plist.xml; path = Info.plist; sourceTree = "<group>"; };
		B21345891F8CAEF800E0EBD2 /* ViewController2.swift */ = {isa = PBXFileReference; lastKnownFileType = sourcecode.swift; path = ViewController2.swift; sourceTree = "<group>"; };
/* End PBXFileReference section */

/* Begin PBXFrameworksBuildPhase section */
		B21345711F8CA11C00E0EBD2 /* Frameworks */ = {
			isa = PBXFrameworksBuildPhase;
			buildActionMask = 2147483647;
			files = (
			);
			runOnlyForDeploymentPostprocessing = 0;
		};
/* End PBXFrameworksBuildPhase section */

/* Begin PBXGroup section */
		B213456B1F8CA11C00E0EBD2 = {
			isa = PBXGroup;
			children = (
				B21345761F8CA11D00E0EBD2 /* TestSafeArea */,
				B21345751F8CA11C00E0EBD2 /* Products */,
			);
			sourceTree = "<group>";
		};
		B21345751F8CA11C00E0EBD2 /* Products */ = {
			isa = PBXGroup;
			children = (
				B21345741F8CA11C00E0EBD2 /* TestSafeArea.app */,
			);
			name = Products;
			sourceTree = "<group>";
		};
		B21345761F8CA11D00E0EBD2 /* TestSafeArea */ = {
			isa = PBXGroup;
			children = (
				B21345771F8CA11D00E0EBD2 /* AppDelegate.swift */,
				B21345791F8CA11D00E0EBD2 /* ViewController.swift */,
				B21345891F8CAEF800E0EBD2 /* ViewController2.swift */,
				B213457B1F8CA11D00E0EBD2 /* Main.storyboard */,
				B213457E1F8CA11D00E0EBD2 /* Assets.xcassets */,
				B21345801F8CA11D00E0EBD2 /* LaunchScreen.storyboard */,
				B21345831F8CA11D00E0EBD2 /* Info.plist */,
			);
			path = TestSafeArea;
			sourceTree = "<group>";
		};
/* End PBXGroup section */

/* Begin PBXNativeTarget section */
		B21345731F8CA11C00E0EBD2 /* TestSafeArea */ = {
			isa = PBXNativeTarget;
			buildConfigurationList = B21345861F8CA11D00E0EBD2 /* Build configuration list for PBXNativeTarget "TestSafeArea" */;
			buildPhases = (
				B21345701F8CA11C00E0EBD2 /* Sources */,
				B21345711F8CA11C00E0EBD2 /* Frameworks */,
				B21345721F8CA11C00E0EBD2 /* Resources */,
			);
			buildRules = (
			);
			dependencies = (
			);
			name = TestSafeArea;
			productName = TestSafeArea;
			productReference = B21345741F8CA11C00E0EBD2 /* TestSafeArea.app */;
			productType = "com.apple.product-type.application";
		};
/* End PBXNativeTarget section */

/* Begin PBXProject section */
		B213456C1F8CA11C00E0EBD2 /* Project object */ = {
			isa = PBXProject;
			attributes = {
				LastSwiftUpdateCheck = 0900;
				LastUpgradeCheck = 0900;
				ORGANIZATIONNAME = RickLuo;
				TargetAttributes = {
					B21345731F8CA11C00E0EBD2 = {
						CreatedOnToolsVersion = 9.0;
						ProvisioningStyle = Automatic;
					};
				};
			};
			buildConfigurationList = B213456F1F8CA11C00E0EBD2 /* Build configuration list for PBXProject "TestSafeArea" */;
			compatibilityVersion = "Xcode 8.0";
			developmentRegion = en;
			hasScannedForEncodings = 0;
			knownRegions = (
				en,
				Base,
			);
			mainGroup = B213456B1F8CA11C00E0EBD2;
			productRefGroup = B21345751F8CA11C00E0EBD2 /* Products */;
			projectDirPath = "";
			projectRoot = "";
			targets = (
				B21345731F8CA11C00E0EBD2 /* TestSafeArea */,
			);
		};
/* End PBXProject section */

/* Begin PBXResourcesBuildPhase section */
		B21345721F8CA11C00E0EBD2 /* Resources */ = {
			isa = PBXResourcesBuildPhase;
			buildActionMask = 2147483647;
			files = (
				B21345821F8CA11D00E0EBD2 /* LaunchScreen.storyboard in Resources */,
				B213457F1F8CA11D00E0EBD2 /* Assets.xcassets in Resources */,
				B213457D1F8CA11D00E0EBD2 /* Main.storyboard in Resources */,
			);
			runOnlyForDeploymentPostprocessing = 0;
		};
/* End PBXResourcesBuildPhase section */

/* Begin PBXSourcesBuildPhase section */
		B21345701F8CA11C00E0EBD2 /* Sources */ = {
			isa = PBXSourcesBuildPhase;
			buildActionMask = 2147483647;
			files = (
				B213457A1F8CA11D00E0EBD2 /* ViewController.swift in Sources */,
				B21345781F8CA11D00E0EBD2 /* AppDelegate.swift in Sources */,
				B213458A1F8CAEF800E0EBD2 /* ViewController2.swift in Sources */,
			);
			runOnlyForDeploymentPostprocessing = 0;
		};
/* End PBXSourcesBuildPhase section */

/* Begin PBXVariantGroup section */
		B213457B1F8CA11D00E0EBD2 /* Main.storyboard */ = {
			isa = PBXVariantGroup;
			children = (
				B213457C1F8CA11D00E0EBD2 /* Base */,
			);
			name = Main.storyboard;
			sourceTree = "<group>";
		};
		B21345801F8CA11D00E0EBD2 /* LaunchScreen.storyboard */ = {
			isa = PBXVariantGroup;
			children = (
				B21345811F8CA11D00E0EBD2 /* Base */,
			);
			name = LaunchScreen.storyboard;
			sourceTree = "<group>";
		};
/* End PBXVariantGroup section */

/* Begin XCBuildConfiguration section */
		B21345841F8CA11D00E0EBD2 /* Debug */ = {
			isa = XCBuildConfiguration;
			buildSettings = {
				ALWAYS_SEARCH_USER_PATHS = NO;
				CLANG_ANALYZER_NONNULL = YES;
				CLANG_ANALYZER_NUMBER_OBJECT_CONVERSION = YES_AGGRESSIVE;
				CLANG_CXX_LANGUAGE_STANDARD = "gnu++14";
				CLANG_CXX_LIBRARY = "libc++";
				CLANG_ENABLE_MODULES = YES;
				CLANG_ENABLE_OBJC_ARC = YES;
				CLANG_WARN_BLOCK_CAPTURE_AUTORELEASING = YES;
				CLANG_WARN_BOOL_CONVERSION = YES;
				CLANG_WARN_COMMA = YES;
				CLANG_WARN_CONSTANT_CONVERSION = YES;
				CLANG_WARN_DIRECT_OBJC_ISA_USAGE = YES_ERROR;
				CLANG_WARN_DOCUMENTATION_COMMENTS = YES;
				CLANG_WARN_EMPTY_BODY = YES;
				CLANG_WARN_ENUM_CONVERSION = YES;
				CLANG_WARN_INFINITE_RECURSION = YES;
				CLANG_WARN_INT_CONVERSION = YES;
				CLANG_WARN_NON_LITERAL_NULL_CONVERSION = YES;
				CLANG_WARN_OBJC_LITERAL_CONVERSION = YES;
				CLANG_WARN_OBJC_ROOT_CLASS = YES_ERROR;
				CLANG_WARN_RANGE_LOOP_ANALYSIS = YES;
				CLANG_WARN_STRICT_PROTOTYPES = YES;
				CLANG_WARN_SUSPICIOUS_MOVE = YES;
				CLANG_WARN_UNGUARDED_AVAILABILITY = YES_AGGRESSIVE;
				CLANG_WARN_UNREACHABLE_CODE = YES;
				CLANG_WARN__DUPLICATE_METHOD_MATCH = YES;
				CODE_SIGN_IDENTITY = "iPhone Developer";
				COPY_PHASE_STRIP = NO;
				DEBUG_INFORMATION_FORMAT = dwarf;
				ENABLE_STRICT_OBJC_MSGSEND = YES;
				ENABLE_TESTABILITY = YES;
				GCC_C_LANGUAGE_STANDARD = gnu11;
				GCC_DYNAMIC_NO_PIC = NO;
				GCC_NO_COMMON_BLOCKS = YES;
				GCC_OPTIMIZATION_LEVEL = 0;
				GCC_PREPROCESSOR_DEFINITIONS = (
					"DEBUG=1",
					"$(inherited)",
				);
				GCC_WARN_64_TO_32_BIT_CONVERSION = YES;
				GCC_WARN_ABOUT_RETURN_TYPE = YES_ERROR;
				GCC_WARN_UNDECLARED_SELECTOR = YES;
				GCC_WARN_UNINITIALIZED_AUTOS = YES_AGGRESSIVE;
				GCC_WARN_UNUSED_FUNCTION = YES;
				GCC_WARN_UNUSED_VARIABLE = YES;
				IPHONEOS_DEPLOYMENT_TARGET = 11.0;
				MTL_ENABLE_DEBUG_INFO = YES;
				ONLY_ACTIVE_ARCH = YES;
				SDKROOT = iphoneos;
				SWIFT_ACTIVE_COMPILATION_CONDITIONS = DEBUG;
				SWIFT_OPTIMIZATION_LEVEL = "-Onone";
			};
			name = Debug;
		};
		B21345851F8CA11D00E0EBD2 /* Release */ = {
			isa = XCBuildConfiguration;
			buildSettings = {
				ALWAYS_SEARCH_USER_PATHS = NO;
				CLANG_ANALYZER_NONNULL = YES;
				CLANG_ANALYZER_NUMBER_OBJECT_CONVERSION = YES_AGGRESSIVE;
				CLANG_CXX_LANGUAGE_STANDARD = "gnu++14";
				CLANG_CXX_LIBRARY = "libc++";
				CLANG_ENABLE_MODULES = YES;
				CLANG_ENABLE_OBJC_ARC = YES;
				CLANG_WARN_BLOCK_CAPTURE_AUTORELEASING = YES;
				CLANG_WARN_BOOL_CONVERSION = YES;
				CLANG_WARN_COMMA = YES;
				CLANG_WARN_CONSTANT_CONVERSION = YES;
				CLANG_WARN_DIRECT_OBJC_ISA_USAGE = YES_ERROR;
				CLANG_WARN_DOCUMENTATION_COMMENTS = YES;
				CLANG_WARN_EMPTY_BODY = YES;
				CLANG_WARN_ENUM_CONVERSION = YES;
				CLANG_WARN_INFINITE_RECURSION = YES;
				CLANG_WARN_INT_CONVERSION = YES;
				CLANG_WARN_NON_LITERAL_NULL_CONVERSION = YES;
				CLANG_WARN_OBJC_LITERAL_CONVERSION = YES;
				CLANG_WARN_OBJC_ROOT_CLASS = YES_ERROR;
				CLANG_WARN_RANGE_LOOP_ANALYSIS = YES;
				CLANG_WARN_STRICT_PROTOTYPES = YES;
				CLANG_WARN_SUSPICIOUS_MOVE = YES;
				CLANG_WARN_UNGUARDED_AVAILABILITY = YES_AGGRESSIVE;
				CLANG_WARN_UNREACHABLE_CODE = YES;
				CLANG_WARN__DUPLICATE_METHOD_MATCH = YES;
				CODE_SIGN_IDENTITY = "iPhone Developer";
				COPY_PHASE_STRIP = NO;
				DEBUG_INFORMATION_FORMAT = "dwarf-with-dsym";
				ENABLE_NS_ASSERTIONS = NO;
				ENABLE_STRICT_OBJC_MSGSEND = YES;
				GCC_C_LANGUAGE_STANDARD = gnu11;
				GCC_NO_COMMON_BLOCKS = YES;
				GCC_WARN_64_TO_32_BIT_CONVERSION = YES;
				GCC_WARN_ABOUT_RETURN_TYPE = YES_ERROR;
				GCC_WARN_UNDECLARED_SELECTOR = YES;
				GCC_WARN_UNINITIALIZED_AUTOS = YES_AGGRESSIVE;
				GCC_WARN_UNUSED_FUNCTION = YES;
				GCC_WARN_UNUSED_VARIABLE = YES;
				IPHONEOS_DEPLOYMENT_TARGET = 11.0;
				MTL_ENABLE_DEBUG_INFO = NO;
				SDKROOT = iphoneos;
				SWIFT_OPTIMIZATION_LEVEL = "-Owholemodule";
				VALIDATE_PRODUCT = YES;
			};
			name = Release;
		};
		B21345871F8CA11D00E0EBD2 /* Debug */ = {
			isa = XCBuildConfiguration;
			buildSettings = {
				ASSETCATALOG_COMPILER_APPICON_NAME = AppIcon;
				CODE_SIGN_STYLE = Automatic;
				DEVELOPMENT_TEAM = 7G9Q3YE88T;
				INFOPLIST_FILE = TestSafeArea/Info.plist;
				IPHONEOS_DEPLOYMENT_TARGET = 8.0;
				LD_RUNPATH_SEARCH_PATHS = "$(inherited) @executable_path/Frameworks";
				PRODUCT_BUNDLE_IDENTIFIER = com.rickluo.TestSafeArea;
				PRODUCT_NAME = "$(TARGET_NAME)";
				SWIFT_VERSION = 4.0;
				TARGETED_DEVICE_FAMILY = "1,2";
			};
			name = Debug;
		};
		B21345881F8CA11D00E0EBD2 /* Release */ = {
			isa = XCBuildConfiguration;
			buildSettings = {
				ASSETCATALOG_COMPILER_APPICON_NAME = AppIcon;
				CODE_SIGN_STYLE = Automatic;
				DEVELOPMENT_TEAM = 7G9Q3YE88T;
				INFOPLIST_FILE = TestSafeArea/Info.plist;
				IPHONEOS_DEPLOYMENT_TARGET = 8.0;
				LD_RUNPATH_SEARCH_PATHS = "$(inherited) @executable_path/Frameworks";
				PRODUCT_BUNDLE_IDENTIFIER = com.rickluo.TestSafeArea;
				PRODUCT_NAME = "$(TARGET_NAME)";
				SWIFT_VERSION = 4.0;
				TARGETED_DEVICE_FAMILY = "1,2";
			};
			name = Release;
		};
/* End XCBuildConfiguration section */

/* Begin XCConfigurationList section */
		B213456F1F8CA11C00E0EBD2 /* Build configuration list for PBXProject "TestSafeArea" */ = {
			isa = XCConfigurationList;
			buildConfigurations = (
				B21345841F8CA11D00E0EBD2 /* Debug */,
				B21345851F8CA11D00E0EBD2 /* Release */,
			);
			defaultConfigurationIsVisible = 0;
			defaultConfigurationName = Release;
		};
		B21345861F8CA11D00E0EBD2 /* Build configuration list for PBXNativeTarget "TestSafeArea" */ = {
			isa = XCConfigurationList;
			buildConfigurations = (
				B21345871F8CA11D00E0EBD2 /* Debug */,
				B21345881F8CA11D00E0EBD2 /* Release */,
			);
			defaultConfigurationIsVisible = 0;
			defaultConfigurationName = Release;
		};
/* End XCConfigurationList section */
	};
	rootObject = B213456C1F8CA11C00E0EBD2 /* Project object */;
}
