// !$*UTF8*$!
{
	archiveVersion = 1;
	classes = {
	};
	objectVersion = 46;
	objects = {

/* Begin PBXBuildFile section */
		B2EEAA901BD497F800A4D40B /* AppDelegate.swift in Sources */ = {isa = PBXBuildFile; fileRef = B2EEAA8F1BD497F800A4D40B /* AppDelegate.swift */; };
		B2EEAA921BD497F800A4D40B /* ViewController.swift in Sources */ = {isa = PBXBuildFile; fileRef = B2EEAA911BD497F800A4D40B /* ViewController.swift */; };
		B2EEAA951BD497F800A4D40B /* Main.storyboard in Resources */ = {isa = PBXBuildFile; fileRef = B2EEAA931BD497F800A4D40B /* Main.storyboard */; };
		B2EEAA971BD497F800A4D40B /* Assets.xcassets in Resources */ = {isa = PBXBuildFile; fileRef = B2EEAA961BD497F800A4D40B /* Assets.xcassets */; };
		B2EEAA9A1BD497F800A4D40B /* LaunchScreen.storyboard in Resources */ = {isa = PBXBuildFile; fileRef = B2EEAA981BD497F800A4D40B /* LaunchScreen.storyboard */; };
/* End PBXBuildFile section */

/* Begin PBXFileReference section */
		B2EEAA8C1BD497F800A4D40B /* 01-AdapativeLayout_1.app */ = {isa = PBXFileReference; explicitFileType = wrapper.application; includeInIndex = 0; path = "01-AdapativeLayout_1.app"; sourceTree = BUILT_PRODUCTS_DIR; };
		B2EEAA8F1BD497F800A4D40B /* AppDelegate.swift */ = {isa = PBXFileReference; lastKnownFileType = sourcecode.swift; path = AppDelegate.swift; sourceTree = "<group>"; };
		B2EEAA911BD497F800A4D40B /* ViewController.swift */ = {isa = PBXFileReference; lastKnownFileType = sourcecode.swift; path = ViewController.swift; sourceTree = "<group>"; };
		B2EEAA941BD497F800A4D40B /* Base */ = {isa = PBXFileReference; lastKnownFileType = file.storyboard; name = Base; path = Base.lproj/Main.storyboard; sourceTree = "<group>"; };
		B2EEAA961BD497F800A4D40B /* Assets.xcassets */ = {isa = PBXFileReference; lastKnownFileType = folder.assetcatalog; path = Assets.xcassets; sourceTree = "<group>"; };
		B2EEAA991BD497F800A4D40B /* Base */ = {isa = PBXFileReference; lastKnownFileType = file.storyboard; name = Base; path = Base.lproj/LaunchScreen.storyboard; sourceTree = "<group>"; };
		B2EEAA9B1BD497F800A4D40B /* Info.plist */ = {isa = PBXFileReference; lastKnownFileType = text.plist.xml; path = Info.plist; sourceTree = "<group>"; };
/* End PBXFileReference section */

/* Begin PBXFrameworksBuildPhase section */
		B2EEAA891BD497F800A4D40B /* Frameworks */ = {
			isa = PBXFrameworksBuildPhase;
			buildActionMask = 2147483647;
			files = (
			);
			runOnlyForDeploymentPostprocessing = 0;
		};
/* End PBXFrameworksBuildPhase section */

/* Begin PBXGroup section */
		B2EEAA831BD497F800A4D40B = {
			isa = PBXGroup;
			children = (
				B2EEAA8E1BD497F800A4D40B /* 01-AdapativeLayout_1 */,
				B2EEAA8D1BD497F800A4D40B /* Products */,
			);
			sourceTree = "<group>";
		};
		B2EEAA8D1BD497F800A4D40B /* Products */ = {
			isa = PBXGroup;
			children = (
				B2EEAA8C1BD497F800A4D40B /* 01-AdapativeLayout_1.app */,
			);
			name = Products;
			sourceTree = "<group>";
		};
		B2EEAA8E1BD497F800A4D40B /* 01-AdapativeLayout_1 */ = {
			isa = PBXGroup;
			children = (
				B2EEAA8F1BD497F800A4D40B /* AppDelegate.swift */,
				B2EEAA911BD497F800A4D40B /* ViewController.swift */,
				B2EEAA931BD497F800A4D40B /* Main.storyboard */,
				B2EEAA961BD497F800A4D40B /* Assets.xcassets */,
				B2EEAA981BD497F800A4D40B /* LaunchScreen.storyboard */,
				B2EEAA9B1BD497F800A4D40B /* Info.plist */,
			);
			path = "01-AdapativeLayout_1";
			sourceTree = "<group>";
		};
/* End PBXGroup section */

/* Begin PBXNativeTarget section */
		B2EEAA8B1BD497F800A4D40B /* 01-AdapativeLayout_1 */ = {
			isa = PBXNativeTarget;
			buildConfigurationList = B2EEAA9E1BD497F800A4D40B /* Build configuration list for PBXNativeTarget "01-AdapativeLayout_1" */;
			buildPhases = (
				B2EEAA881BD497F800A4D40B /* Sources */,
				B2EEAA891BD497F800A4D40B /* Frameworks */,
				B2EEAA8A1BD497F800A4D40B /* Resources */,
			);
			buildRules = (
			);
			dependencies = (
			);
			name = "01-AdapativeLayout_1";
			productName = "01-AdapativeLayout_1";
			productReference = B2EEAA8C1BD497F800A4D40B /* 01-AdapativeLayout_1.app */;
			productType = "com.apple.product-type.application";
		};
/* End PBXNativeTarget section */

/* Begin PBXProject section */
		B2EEAA841BD497F800A4D40B /* Project object */ = {
			isa = PBXProject;
			attributes = {
				LastUpgradeCheck = 0700;
				ORGANIZATIONNAME = luozhijun;
				TargetAttributes = {
					B2EEAA8B1BD497F800A4D40B = {
						CreatedOnToolsVersion = 7.0.1;
					};
				};
			};
			buildConfigurationList = B2EEAA871BD497F800A4D40B /* Build configuration list for PBXProject "01-AdapativeLayout_1" */;
			compatibilityVersion = "Xcode 3.2";
			developmentRegion = English;
			hasScannedForEncodings = 0;
			knownRegions = (
				en,
				Base,
			);
			mainGroup = B2EEAA831BD497F800A4D40B;
			productRefGroup = B2EEAA8D1BD497F800A4D40B /* Products */;
			projectDirPath = "";
			projectRoot = "";
			targets = (
				B2EEAA8B1BD497F800A4D40B /* 01-AdapativeLayout_1 */,
			);
		};
/* End PBXProject section */

/* Begin PBXResourcesBuildPhase section */
		B2EEAA8A1BD497F800A4D40B /* Resources */ = {
			isa = PBXResourcesBuildPhase;
			buildActionMask = 2147483647;
			files = (
				B2EEAA9A1BD497F800A4D40B /* LaunchScreen.storyboard in Resources */,
				B2EEAA971BD497F800A4D40B /* Assets.xcassets in Resources */,
				B2EEAA951BD497F800A4D40B /* Main.storyboard in Resources */,
			);
			runOnlyForDeploymentPostprocessing = 0;
		};
/* End PBXResourcesBuildPhase section */

/* Begin PBXSourcesBuildPhase section */
		B2EEAA881BD497F800A4D40B /* Sources */ = {
			isa = PBXSourcesBuildPhase;
			buildActionMask = 2147483647;
			files = (
				B2EEAA921BD497F800A4D40B /* ViewController.swift in Sources */,
				B2EEAA901BD497F800A4D40B /* AppDelegate.swift in Sources */,
			);
			runOnlyForDeploymentPostprocessing = 0;
		};
/* End PBXSourcesBuildPhase section */

/* Begin PBXVariantGroup section */
		B2EEAA931BD497F800A4D40B /* Main.storyboard */ = {
			isa = PBXVariantGroup;
			children = (
				B2EEAA941BD497F800A4D40B /* Base */,
			);
			name = Main.storyboard;
			sourceTree = "<group>";
		};
		B2EEAA981BD497F800A4D40B /* LaunchScreen.storyboard */ = {
			isa = PBXVariantGroup;
			children = (
				B2EEAA991BD497F800A4D40B /* Base */,
			);
			name = LaunchScreen.storyboard;
			sourceTree = "<group>";
		};
/* End PBXVariantGroup section */

/* Begin XCBuildConfiguration section */
		B2EEAA9C1BD497F800A4D40B /* Debug */ = {
			isa = XCBuildConfiguration;
			buildSettings = {
				ALWAYS_SEARCH_USER_PATHS = NO;
				CLANG_CXX_LANGUAGE_STANDARD = "gnu++0x";
				CLANG_CXX_LIBRARY = "libc++";
				CLANG_ENABLE_MODULES = YES;
				CLANG_ENABLE_OBJC_ARC = YES;
				CLANG_WARN_BOOL_CONVERSION = YES;
				CLANG_WARN_CONSTANT_CONVERSION = YES;
				CLANG_WARN_DIRECT_OBJC_ISA_USAGE = YES_ERROR;
				CLANG_WARN_EMPTY_BODY = YES;
				CLANG_WARN_ENUM_CONVERSION = YES;
				CLANG_WARN_INT_CONVERSION = YES;
				CLANG_WARN_OBJC_ROOT_CLASS = YES_ERROR;
				CLANG_WARN_UNREACHABLE_CODE = YES;
				CLANG_WARN__DUPLICATE_METHOD_MATCH = YES;
				"CODE_SIGN_IDENTITY[sdk=iphoneos*]" = "iPhone Developer";
				COPY_PHASE_STRIP = NO;
				DEBUG_INFORMATION_FORMAT = dwarf;
				ENABLE_STRICT_OBJC_MSGSEND = YES;
				ENABLE_TESTABILITY = YES;
				GCC_C_LANGUAGE_STANDARD = gnu99;
				GCC_DYNAMIC_NO_PIC = NO;
				GCC_NO_COMMON_BLOCKS = YES;
				GCC_OPTIMIZATION_LEVEL = 0;
				GCC_PREPROCESSOR_DEFINITIONS = (
					"DEBUG=1",
					"$(inherited)",
				);
				GCC_WARN_64_TO_32_BIT_CONVERSION = YES;
				GCC_WARN_ABOUT_RETURN_TYPE = YES_ERROR;
				GCC_WARN_UNDECLARED_SELECTOR = YES;
				GCC_WARN_UNINITIALIZED_AUTOS = YES_AGGRESSIVE;
				GCC_WARN_UNUSED_FUNCTION = YES;
				GCC_WARN_UNUSED_VARIABLE = YES;
				IPHONEOS_DEPLOYMENT_TARGET = 9.0;
				MTL_ENABLE_DEBUG_INFO = YES;
				ONLY_ACTIVE_ARCH = YES;
				SDKROOT = iphoneos;
				SWIFT_OPTIMIZATION_LEVEL = "-Onone";
				TARGETED_DEVICE_FAMILY = "1,2";
			};
			name = Debug;
		};
		B2EEAA9D1BD497F800A4D40B /* Release */ = {
			isa = XCBuildConfiguration;
			buildSettings = {
				ALWAYS_SEARCH_USER_PATHS = NO;
				CLANG_CXX_LANGUAGE_STANDARD = "gnu++0x";
				CLANG_CXX_LIBRARY = "libc++";
				CLANG_ENABLE_MODULES = YES;
				CLANG_ENABLE_OBJC_ARC = YES;
				CLANG_WARN_BOOL_CONVERSION = YES;
				CLANG_WARN_CONSTANT_CONVERSION = YES;
				CLANG_WARN_DIRECT_OBJC_ISA_USAGE = YES_ERROR;
				CLANG_WARN_EMPTY_BODY = YES;
				CLANG_WARN_ENUM_CONVERSION = YES;
				CLANG_WARN_INT_CONVERSION = YES;
				CLANG_WARN_OBJC_ROOT_CLASS = YES_ERROR;
				CLANG_WARN_UNREACHABLE_CODE = YES;
				CLANG_WARN__DUPLICATE_METHOD_MATCH = YES;
				"CODE_SIGN_IDENTITY[sdk=iphoneos*]" = "iPhone Developer";
				COPY_PHASE_STRIP = NO;
				DEBUG_INFORMATION_FORMAT = "dwarf-with-dsym";
				ENABLE_NS_ASSERTIONS = NO;
				ENABLE_STRICT_OBJC_MSGSEND = YES;
				GCC_C_LANGUAGE_STANDARD = gnu99;
				GCC_NO_COMMON_BLOCKS = YES;
				GCC_WARN_64_TO_32_BIT_CONVERSION = YES;
				GCC_WARN_ABOUT_RETURN_TYPE = YES_ERROR;
				GCC_WARN_UNDECLARED_SELECTOR = YES;
				GCC_WARN_UNINITIALIZED_AUTOS = YES_AGGRESSIVE;
				GCC_WARN_UNUSED_FUNCTION = YES;
				GCC_WARN_UNUSED_VARIABLE = YES;
				IPHONEOS_DEPLOYMENT_TARGET = 9.0;
				MTL_ENABLE_DEBUG_INFO = NO;
				SDKROOT = iphoneos;
				TARGETED_DEVICE_FAMILY = "1,2";
				VALIDATE_PRODUCT = YES;
			};
			name = Release;
		};
		B2EEAA9F1BD497F800A4D40B /* Debug */ = {
			isa = XCBuildConfiguration;
			buildSettings = {
				ASSETCATALOG_COMPILER_APPICON_NAME = AppIcon;
				INFOPLIST_FILE = "01-AdapativeLayout_1/Info.plist";
				LD_RUNPATH_SEARCH_PATHS = "$(inherited) @executable_path/Frameworks";
				PRODUCT_BUNDLE_IDENTIFIER = "com.supercx.-1-AdapativeLayout-1";
				PRODUCT_NAME = "$(TARGET_NAME)";
			};
			name = Debug;
		};
		B2EEAAA01BD497F800A4D40B /* Release */ = {
			isa = XCBuildConfiguration;
			buildSettings = {
				ASSETCATALOG_COMPILER_APPICON_NAME = AppIcon;
				INFOPLIST_FILE = "01-AdapativeLayout_1/Info.plist";
				LD_RUNPATH_SEARCH_PATHS = "$(inherited) @executable_path/Frameworks";
				PRODUCT_BUNDLE_IDENTIFIER = "com.supercx.-1-AdapativeLayout-1";
				PRODUCT_NAME = "$(TARGET_NAME)";
			};
			name = Release;
		};
/* End XCBuildConfiguration section */

/* Begin XCConfigurationList section */
		B2EEAA871BD497F800A4D40B /* Build configuration list for PBXProject "01-AdapativeLayout_1" */ = {
			isa = XCConfigurationList;
			buildConfigurations = (
				B2EEAA9C1BD497F800A4D40B /* Debug */,
				B2EEAA9D1BD497F800A4D40B /* Release */,
			);
			defaultConfigurationIsVisible = 0;
			defaultConfigurationName = Release;
		};
		B2EEAA9E1BD497F800A4D40B /* Build configuration list for PBXNativeTarget "01-AdapativeLayout_1" */ = {
			isa = XCConfigurationList;
			buildConfigurations = (
				B2EEAA9F1BD497F800A4D40B /* Debug */,
				B2EEAAA01BD497F800A4D40B /* Release */,
			);
			defaultConfigurationIsVisible = 0;
		};
/* End XCConfigurationList section */
	};
	rootObject = B2EEAA841BD497F800A4D40B /* Project object */;
}
